# THIS IS AN AUTOGENERATED FILE. DO NOT EDIT THIS FILE DIRECTLY.
# yarn lockfile v1


azure-devops-extension-sdk@^4.0.2:
  version "4.0.2"
  resolved "https://registry.yarnpkg.com/azure-devops-extension-sdk/-/azure-devops-extension-sdk-4.0.2.tgz#837308e8a4287a124d8d68e0db15fbf74142c7ef"
  integrity sha512-r8JwhjQT3el/X7XyMJGq/mlNDN/Cdpw5Dw/2nXcCdBmfyvDMgCcD0a+4EgL7Fi4ULcy+hPrlwejv8l1K4/XZSQ==
